
Microsoft Visual Studio Solution File, Format Version 12.00
Project("{FAE04EC0-301F-11D3-BF4B-00C04F79EFBC}") = "LibraryManagementApp", "LibraryManagementApp\LibraryManagementApp.csproj", "{37C7B8B8-CC0D-40C1-B622-4724E9C52D5E}"
EndProject
Project("{2150E333-8FDC-42A3-9474-1A3956D46DE8}") = "Solution Items", "Solution Items", "{1083EDDB-1A05-40D7-842D-F1ACCA73B7EE}"
	ProjectSection(SolutionItems) = preProject
		docker-compose.yml = docker-compose.yml
	EndProjectSection
EndProject
Global
	GlobalSection(SolutionConfigurationPlatforms) = preSolution
		Debug|Any CPU = Debug|Any CPU
		Release|Any CPU = Release|Any CPU
	EndGlobalSection
	GlobalSection(ProjectConfigurationPlatforms) = postSolution
		{37C7B8B8-CC0D-40C1-B622-4724E9C52D5E}.Debug|Any CPU.ActiveCfg = Debug|Any CPU
		{37C7B8B8-CC0D-40C1-B622-4724E9C52D5E}.Debug|Any CPU.Build.0 = Debug|Any CPU
		{37C7B8B8-CC0D-40C1-B622-4724E9C52D5E}.Release|Any CPU.ActiveCfg = Release|Any CPU
		{37C7B8B8-CC0D-40C1-B622-4724E9C52D5E}.Release|Any CPU.Build.0 = Release|Any CPU
	EndGlobalSection
EndGlobal
